
Microsoft Visual Studio Solution File, Format Version 12.00
# Visual Studio Version 17
VisualStudioVersion = 17.7.34221.43
MinimumVisualStudioVersion = 10.0.40219.1
Project("{FAE04EC0-301F-11D3-BF4B-00C04F79EFBC}") = "DoseXPDMTool", "DoseXPDMTool.csproj", "{EBA26471-E6D0-4405-A668-3EC3B6F71279}"
EndProject
Global
	GlobalSection(SolutionConfigurationPlatforms) = preSolution
		Debug|Any CPU = Debug|Any CPU
		Release|Any CPU = Release|Any CPU
	EndGlobalSection
	GlobalSection(ProjectConfigurationPlatforms) = postSolution
		{EBA26471-E6D0-4405-A668-3EC3B6F71279}.Debug|Any CPU.ActiveCfg = Debug|Any CPU
		{EBA26471-E6D0-4405-A668-3EC3B6F71279}.Debug|Any CPU.Build.0 = Debug|Any CPU
		{EBA26471-E6D0-4405-A668-3EC3B6F71279}.Release|Any CPU.ActiveCfg = Release|Any CPU
		{EBA26471-E6D0-4405-A668-3EC3B6F71279}.Release|Any CPU.Build.0 = Release|Any CPU
	EndGlobalSection
	GlobalSection(SolutionProperties) = preSolution
		HideSolutionNode = FALSE
	EndGlobalSection
	GlobalSection(ExtensibilityGlobals) = postSolution
		SolutionGuid = {7614DA16-E144-43EB-B1FB-76216317D8A0}
	EndGlobalSection
EndGlobal
